
Microsoft Visual Studio Solution File, Format Version 12.00
# Visual Studio Version 17
VisualStudioVersion = 17.14.36221.1
MinimumVisualStudioVersion = 10.0.40219.1
Project("{FAE04EC0-301F-11D3-BF4B-00C04F79EFBC}") = "Company.Project.PL", "Company.Project.PL\Company.Project.PL.csproj", "{059470A1-392C-44C8-B164-812A5B874C3C}"
EndProject
Project("{FAE04EC0-301F-11D3-BF4B-00C04F79EFBC}") = "Company.Project.Application", "Company.Project.Application\Company.Project.Application.csproj", "{FDE82766-A268-43DB-A0DC-6416BAA7C4FB}"
EndProject
Project("{FAE04EC0-301F-11D3-BF4B-00C04F79EFBC}") = "Company.Project.Infrastructure", "Company.Project.Infrastructure\Company.Project.Infrastructure.csproj", "{16CDEB50-CC96-4857-A5DA-DCC806858912}"
EndProject
Project("{FAE04EC0-301F-11D3-BF4B-00C04F79EFBC}") = "Company.Project.Domain", "Company.Project.Domain\Company.Project.Domain.csproj", "{D605FEC5-056E-4D23-9E97-7902F3F2D5CD}"
EndProject
Project("{FAE04EC0-301F-11D3-BF4B-00C04F79EFBC}") = "Company.Project.theDbcontext", "Company.Project.theDbcontext\Company.Project.theDbcontext.csproj", "{C1836235-7E43-43B1-8E63-C04F588B72F3}"
EndProject
Project("{FAE04EC0-301F-11D3-BF4B-00C04F79EFBC}") = "Company.Project.DTO", "Company.Project.DTO\Company.Project.DTO.csproj", "{9A222F50-7FB1-4518-A5CB-01886E758C2D}"
EndProject
Global
	GlobalSection(SolutionConfigurationPlatforms) = preSolution
		Debug|Any CPU = Debug|Any CPU
		Release|Any CPU = Release|Any CPU
	EndGlobalSection
	GlobalSection(ProjectConfigurationPlatforms) = postSolution
		{059470A1-392C-44C8-B164-812A5B874C3C}.Debug|Any CPU.ActiveCfg = Debug|Any CPU
		{059470A1-392C-44C8-B164-812A5B874C3C}.Debug|Any CPU.Build.0 = Debug|Any CPU
		{059470A1-392C-44C8-B164-812A5B874C3C}.Release|Any CPU.ActiveCfg = Release|Any CPU
		{059470A1-392C-44C8-B164-812A5B874C3C}.Release|Any CPU.Build.0 = Release|Any CPU
		{FDE82766-A268-43DB-A0DC-6416BAA7C4FB}.Debug|Any CPU.ActiveCfg = Debug|Any CPU
		{FDE82766-A268-43DB-A0DC-6416BAA7C4FB}.Debug|Any CPU.Build.0 = Debug|Any CPU
		{FDE82766-A268-43DB-A0DC-6416BAA7C4FB}.Release|Any CPU.ActiveCfg = Release|Any CPU
		{FDE82766-A268-43DB-A0DC-6416BAA7C4FB}.Release|Any CPU.Build.0 = Release|Any CPU
		{16CDEB50-CC96-4857-A5DA-DCC806858912}.Debug|Any CPU.ActiveCfg = Debug|Any CPU
		{16CDEB50-CC96-4857-A5DA-DCC806858912}.Debug|Any CPU.Build.0 = Debug|Any CPU
		{16CDEB50-CC96-4857-A5DA-DCC806858912}.Release|Any CPU.ActiveCfg = Release|Any CPU
		{16CDEB50-CC96-4857-A5DA-DCC806858912}.Release|Any CPU.Build.0 = Release|Any CPU
		{D605FEC5-056E-4D23-9E97-7902F3F2D5CD}.Debug|Any CPU.ActiveCfg = Debug|Any CPU
		{D605FEC5-056E-4D23-9E97-7902F3F2D5CD}.Debug|Any CPU.Build.0 = Debug|Any CPU
		{D605FEC5-056E-4D23-9E97-7902F3F2D5CD}.Release|Any CPU.ActiveCfg = Release|Any CPU
		{D605FEC5-056E-4D23-9E97-7902F3F2D5CD}.Release|Any CPU.Build.0 = Release|Any CPU
		{C1836235-7E43-43B1-8E63-C04F588B72F3}.Debug|Any CPU.ActiveCfg = Debug|Any CPU
		{C1836235-7E43-43B1-8E63-C04F588B72F3}.Debug|Any CPU.Build.0 = Debug|Any CPU
		{C1836235-7E43-43B1-8E63-C04F588B72F3}.Release|Any CPU.ActiveCfg = Release|Any CPU
		{C1836235-7E43-43B1-8E63-C04F588B72F3}.Release|Any CPU.Build.0 = Release|Any CPU
		{9A222F50-7FB1-4518-A5CB-01886E758C2D}.Debug|Any CPU.ActiveCfg = Debug|Any CPU
		{9A222F50-7FB1-4518-A5CB-01886E758C2D}.Debug|Any CPU.Build.0 = Debug|Any CPU
		{9A222F50-7FB1-4518-A5CB-01886E758C2D}.Release|Any CPU.ActiveCfg = Release|Any CPU
		{9A222F50-7FB1-4518-A5CB-01886E758C2D}.Release|Any CPU.Build.0 = Release|Any CPU
	EndGlobalSection
	GlobalSection(SolutionProperties) = preSolution
		HideSolutionNode = FALSE
	EndGlobalSection
	GlobalSection(ExtensibilityGlobals) = postSolution
		SolutionGuid = {115815A1-E673-42A8-BC5F-3A44A11C8BB5}
	EndGlobalSection
EndGlobal
